// !$*UTF8*$!
{
	archiveVersion = 1;
	classes = {
	};
	objectVersion = 50;
	objects = {

/* Begin PBXBuildFile section */
		1A8CFF2DF47B4EC495BF062C /* Pods_FlexiblePageControlDemo.framework in Frameworks */ = {isa = PBXBuildFile; fileRef = 1C9AEDAF18ED7111FC092063 /* Pods_FlexiblePageControlDemo.framework */; };
		23E7F045231FB17300950B40 /* AppDelegate.swift in Sources */ = {isa = PBXBuildFile; fileRef = 23E7F044231FB17300950B40 /* AppDelegate.swift */; };
		23E7F047231FB17300950B40 /* ViewController.swift in Sources */ = {isa = PBXBuildFile; fileRef = 23E7F046231FB17300950B40 /* ViewController.swift */; };
		23E7F04A231FB17300950B40 /* Main.storyboard in Resources */ = {isa = PBXBuildFile; fileRef = 23E7F048231FB17300950B40 /* Main.storyboard */; };
		23E7F04C231FB17400950B40 /* Assets.xcassets in Resources */ = {isa = PBXBuildFile; fileRef = 23E7F04B231FB17400950B40 /* Assets.xcassets */; };
		23E7F04F231FB17400950B40 /* LaunchScreen.storyboard in Resources */ = {isa = PBXBuildFile; fileRef = 23E7F04D231FB17400950B40 /* LaunchScreen.storyboard */; };
/* End PBXBuildFile section */

/* Begin PBXFileReference section */
		1C9AEDAF18ED7111FC092063 /* Pods_FlexiblePageControlDemo.framework */ = {isa = PBXFileReference; explicitFileType = wrapper.framework; includeInIndex = 0; path = Pods_FlexiblePageControlDemo.framework; sourceTree = BUILT_PRODUCTS_DIR; };
		1EF06C90D7ABE251D3F7FE5F /* Pods-FlexiblePageControlDemo.release.xcconfig */ = {isa = PBXFileReference; includeInIndex = 1; lastKnownFileType = text.xcconfig; name = "Pods-FlexiblePageControlDemo.release.xcconfig"; path = "Target Support Files/Pods-FlexiblePageControlDemo/Pods-FlexiblePageControlDemo.release.xcconfig"; sourceTree = "<group>"; };
		23E7F041231FB17300950B40 /* FlexiblePageControlDemo.app */ = {isa = PBXFileReference; explicitFileType = wrapper.application; includeInIndex = 0; path = FlexiblePageControlDemo.app; sourceTree = BUILT_PRODUCTS_DIR; };
		23E7F044231FB17300950B40 /* AppDelegate.swift */ = {isa = PBXFileReference; lastKnownFileType = sourcecode.swift; path = AppDelegate.swift; sourceTree = "<group>"; };
		23E7F046231FB17300950B40 /* ViewController.swift */ = {isa = PBXFileReference; lastKnownFileType = sourcecode.swift; path = ViewController.swift; sourceTree = "<group>"; };
		23E7F049231FB17300950B40 /* Base */ = {isa = PBXFileReference; lastKnownFileType = file.storyboard; name = Base; path = Base.lproj/Main.storyboard; sourceTree = "<group>"; };
		23E7F04B231FB17400950B40 /* Assets.xcassets */ = {isa = PBXFileReference; lastKnownFileType = folder.assetcatalog; path = Assets.xcassets; sourceTree = "<group>"; };
		23E7F04E231FB17400950B40 /* Base */ = {isa = PBXFileReference; lastKnownFileType = file.storyboard; name = Base; path = Base.lproj/LaunchScreen.storyboard; sourceTree = "<group>"; };
		23E7F050231FB17400950B40 /* Info.plist */ = {isa = PBXFileReference; lastKnownFileType = text.plist.xml; path = Info.plist; sourceTree = "<group>"; };
		70BC16641F1E3C2265E515EE /* Pods-FlexiblePageControlDemo.debug.xcconfig */ = {isa = PBXFileReference; includeInIndex = 1; lastKnownFileType = text.xcconfig; name = "Pods-FlexiblePageControlDemo.debug.xcconfig"; path = "Target Support Files/Pods-FlexiblePageControlDemo/Pods-FlexiblePageControlDemo.debug.xcconfig"; sourceTree = "<group>"; };
/* End PBXFileReference section */

/* Begin PBXFrameworksBuildPhase section */
		23E7F03E231FB17300950B40 /* Frameworks */ = {
			isa = PBXFrameworksBuildPhase;
			buildActionMask = 2147483647;
			files = (
				1A8CFF2DF47B4EC495BF062C /* Pods_FlexiblePageControlDemo.framework in Frameworks */,
			);
			runOnlyForDeploymentPostprocessing = 0;
		};
/* End PBXFrameworksBuildPhase section */

/* Begin PBXGroup section */
		16544D57A584F5E78C5F4F6B /* Pods */ = {
			isa = PBXGroup;
			children = (
				70BC16641F1E3C2265E515EE /* Pods-FlexiblePageControlDemo.debug.xcconfig */,
				1EF06C90D7ABE251D3F7FE5F /* Pods-FlexiblePageControlDemo.release.xcconfig */,
			);
			path = Pods;
			sourceTree = "<group>";
		};
		23E7F038231FB17300950B40 = {
			isa = PBXGroup;
			children = (
				23E7F043231FB17300950B40 /* FlexiblePageControlDemo */,
				23E7F042231FB17300950B40 /* Products */,
				16544D57A584F5E78C5F4F6B /* Pods */,
				6A568AF3E7E7B66188ACC4B6 /* Frameworks */,
			);
			sourceTree = "<group>";
		};
		23E7F042231FB17300950B40 /* Products */ = {
			isa = PBXGroup;
			children = (
				23E7F041231FB17300950B40 /* FlexiblePageControlDemo.app */,
			);
			name = Products;
			sourceTree = "<group>";
		};
		23E7F043231FB17300950B40 /* FlexiblePageControlDemo */ = {
			isa = PBXGroup;
			children = (
				23E7F044231FB17300950B40 /* AppDelegate.swift */,
				23E7F046231FB17300950B40 /* ViewController.swift */,
				23E7F048231FB17300950B40 /* Main.storyboard */,
				23E7F04B231FB17400950B40 /* Assets.xcassets */,
				23E7F04D231FB17400950B40 /* LaunchScreen.storyboard */,
				23E7F050231FB17400950B40 /* Info.plist */,
			);
			path = FlexiblePageControlDemo;
			sourceTree = "<group>";
		};
		6A568AF3E7E7B66188ACC4B6 /* Frameworks */ = {
			isa = PBXGroup;
			children = (
				1C9AEDAF18ED7111FC092063 /* Pods_FlexiblePageControlDemo.framework */,
			);
			name = Frameworks;
			sourceTree = "<group>";
		};
/* End PBXGroup section */

/* Begin PBXNativeTarget section */
		23E7F040231FB17300950B40 /* FlexiblePageControlDemo */ = {
			isa = PBXNativeTarget;
			buildConfigurationList = 23E7F053231FB17400950B40 /* Build configuration list for PBXNativeTarget "FlexiblePageControlDemo" */;
			buildPhases = (
				5F1A73F8E0293A5E5182EA8D /* [CP] Check Pods Manifest.lock */,
				23E7F03D231FB17300950B40 /* Sources */,
				23E7F03E231FB17300950B40 /* Frameworks */,
				23E7F03F231FB17300950B40 /* Resources */,
				5F6F7983D3C437B3CADC9E82 /* [CP] Embed Pods Frameworks */,
			);
			buildRules = (
			);
			dependencies = (
			);
			name = FlexiblePageControlDemo;
			productName = FlexiblePageControlDemo;
			productReference = 23E7F041231FB17300950B40 /* FlexiblePageControlDemo.app */;
			productType = "com.apple.product-type.application";
		};
/* End PBXNativeTarget section */

/* Begin PBXProject section */
		23E7F039231FB17300950B40 /* Project object */ = {
			isa = PBXProject;
			attributes = {
				LastSwiftUpdateCheck = 1030;
				LastUpgradeCheck = 1030;
				ORGANIZATIONNAME = "Ekaterina Ryzhova";
				TargetAttributes = {
					23E7F040231FB17300950B40 = {
						CreatedOnToolsVersion = 10.3;
					};
				};
			};
			buildConfigurationList = 23E7F03C231FB17300950B40 /* Build configuration list for PBXProject "FlexiblePageControlDemo" */;
			compatibilityVersion = "Xcode 9.3";
			developmentRegion = en;
			hasScannedForEncodings = 0;
			knownRegions = (
				en,
				Base,
			);
			mainGroup = 23E7F038231FB17300950B40;
			productRefGroup = 23E7F042231FB17300950B40 /* Products */;
			projectDirPath = "";
			projectRoot = "";
			targets = (
				23E7F040231FB17300950B40 /* FlexiblePageControlDemo */,
			);
		};
/* End PBXProject section */

/* Begin PBXResourcesBuildPhase section */
		23E7F03F231FB17300950B40 /* Resources */ = {
			isa = PBXResourcesBuildPhase;
			buildActionMask = 2147483647;
			files = (
				23E7F04F231FB17400950B40 /* LaunchScreen.storyboard in Resources */,
				23E7F04C231FB17400950B40 /* Assets.xcassets in Resources */,
				23E7F04A231FB17300950B40 /* Main.storyboard in Resources */,
			);
			runOnlyForDeploymentPostprocessing = 0;
		};
/* End PBXResourcesBuildPhase section */

/* Begin PBXShellScriptBuildPhase section */
		5F1A73F8E0293A5E5182EA8D /* [CP] Check Pods Manifest.lock */ = {
			isa = PBXShellScriptBuildPhase;
			buildActionMask = 2147483647;
			files = (
			);
			inputFileListPaths = (
			);
			inputPaths = (
				"${PODS_PODFILE_DIR_PATH}/Podfile.lock",
				"${PODS_ROOT}/Manifest.lock",
			);
			name = "[CP] Check Pods Manifest.lock";
			outputFileListPaths = (
			);
			outputPaths = (
				"$(DERIVED_FILE_DIR)/Pods-FlexiblePageControlDemo-checkManifestLockResult.txt",
			);
			runOnlyForDeploymentPostprocessing = 0;
			shellPath = /bin/sh;
			shellScript = "diff \"${PODS_PODFILE_DIR_PATH}/Podfile.lock\" \"${PODS_ROOT}/Manifest.lock\" > /dev/null\nif [ $? != 0 ] ; then\n    # print error to STDERR\n    echo \"error: The sandbox is not in sync with the Podfile.lock. Run 'pod install' or update your CocoaPods installation.\" >&2\n    exit 1\nfi\n# This output is used by Xcode 'outputs' to avoid re-running this script phase.\necho \"SUCCESS\" > \"${SCRIPT_OUTPUT_FILE_0}\"\n";
			showEnvVarsInLog = 0;
		};
		5F6F7983D3C437B3CADC9E82 /* [CP] Embed Pods Frameworks */ = {
			isa = PBXShellScriptBuildPhase;
			buildActionMask = 2147483647;
			files = (
			);
			inputFileListPaths = (
			);
			inputPaths = (
				"${PODS_ROOT}/Target Support Files/Pods-FlexiblePageControlDemo/Pods-FlexiblePageControlDemo-frameworks.sh",
				"${BUILT_PRODUCTS_DIR}/FlexiblePageControl/FlexiblePageControl.framework",
			);
			name = "[CP] Embed Pods Frameworks";
			outputFileListPaths = (
			);
			outputPaths = (
				"${TARGET_BUILD_DIR}/${FRAMEWORKS_FOLDER_PATH}/FlexiblePageControl.framework",
			);
			runOnlyForDeploymentPostprocessing = 0;
			shellPath = /bin/sh;
			shellScript = "\"${PODS_ROOT}/Target Support Files/Pods-FlexiblePageControlDemo/Pods-FlexiblePageControlDemo-frameworks.sh\"\n";
			showEnvVarsInLog = 0;
		};
/* End PBXShellScriptBuildPhase section */

/* Begin PBXSourcesBuildPhase section */
		23E7F03D231FB17300950B40 /* Sources */ = {
			isa = PBXSourcesBuildPhase;
			buildActionMask = 2147483647;
			files = (
				23E7F047231FB17300950B40 /* ViewController.swift in Sources */,
				23E7F045231FB17300950B40 /* AppDelegate.swift in Sources */,
			);
			runOnlyForDeploymentPostprocessing = 0;
		};
/* End PBXSourcesBuildPhase section */

/* Begin PBXVariantGroup section */
		23E7F048231FB17300950B40 /* Main.storyboard */ = {
			isa = PBXVariantGroup;
			children = (
				23E7F049231FB17300950B40 /* Base */,
			);
			name = Main.storyboard;
			sourceTree = "<group>";
		};
		23E7F04D231FB17400950B40 /* LaunchScreen.storyboard */ = {
			isa = PBXVariantGroup;
			children = (
				23E7F04E231FB17400950B40 /* Base */,
			);
			name = LaunchScreen.storyboard;
			sourceTree = "<group>";
		};
/* End PBXVariantGroup section */

/* Begin XCBuildConfiguration section */
		23E7F051231FB17400950B40 /* Debug */ = {
			isa = XCBuildConfiguration;
			buildSettings = {
				ALWAYS_SEARCH_USER_PATHS = NO;
				CLANG_ANALYZER_NONNULL = YES;
				CLANG_ANALYZER_NUMBER_OBJECT_CONVERSION = YES_AGGRESSIVE;
				CLANG_CXX_LANGUAGE_STANDARD = "gnu++14";
				CLANG_CXX_LIBRARY = "libc++";
				CLANG_ENABLE_MODULES = YES;
				CLANG_ENABLE_OBJC_ARC = YES;
				CLANG_ENABLE_OBJC_WEAK = YES;
				CLANG_WARN_BLOCK_CAPTURE_AUTORELEASING = YES;
				CLANG_WARN_BOOL_CONVERSION = YES;
				CLANG_WARN_COMMA = YES;
				CLANG_WARN_CONSTANT_CONVERSION = YES;
				CLANG_WARN_DEPRECATED_OBJC_IMPLEMENTATIONS = YES;
				CLANG_WARN_DIRECT_OBJC_ISA_USAGE = YES_ERROR;
				CLANG_WARN_DOCUMENTATION_COMMENTS = YES;
				CLANG_WARN_EMPTY_BODY = YES;
				CLANG_WARN_ENUM_CONVERSION = YES;
				CLANG_WARN_INFINITE_RECURSION = YES;
				CLANG_WARN_INT_CONVERSION = YES;
				CLANG_WARN_NON_LITERAL_NULL_CONVERSION = YES;
				CLANG_WARN_OBJC_IMPLICIT_RETAIN_SELF = YES;
				CLANG_WARN_OBJC_LITERAL_CONVERSION = YES;
				CLANG_WARN_OBJC_ROOT_CLASS = YES_ERROR;
				CLANG_WARN_RANGE_LOOP_ANALYSIS = YES;
				CLANG_WARN_STRICT_PROTOTYPES = YES;
				CLANG_WARN_SUSPICIOUS_MOVE = YES;
				CLANG_WARN_UNGUARDED_AVAILABILITY = YES_AGGRESSIVE;
				CLANG_WARN_UNREACHABLE_CODE = YES;
				CLANG_WARN__DUPLICATE_METHOD_MATCH = YES;
				CODE_SIGN_IDENTITY = "iPhone Developer";
				COPY_PHASE_STRIP = NO;
				DEBUG_INFORMATION_FORMAT = dwarf;
				ENABLE_STRICT_OBJC_MSGSEND = YES;
				ENABLE_TESTABILITY = YES;
				GCC_C_LANGUAGE_STANDARD = gnu11;
				GCC_DYNAMIC_NO_PIC = NO;
				GCC_NO_COMMON_BLOCKS = YES;
				GCC_OPTIMIZATION_LEVEL = 0;
				GCC_PREPROCESSOR_DEFINITIONS = (
					"DEBUG=1",
					"$(inherited)",
				);
				GCC_WARN_64_TO_32_BIT_CONVERSION = YES;
				GCC_WARN_ABOUT_RETURN_TYPE = YES_ERROR;
				GCC_WARN_UNDECLARED_SELECTOR = YES;
				GCC_WARN_UNINITIALIZED_AUTOS = YES_AGGRESSIVE;
				GCC_WARN_UNUSED_FUNCTION = YES;
				GCC_WARN_UNUSED_VARIABLE = YES;
				IPHONEOS_DEPLOYMENT_TARGET = 12.4;
				MTL_ENABLE_DEBUG_INFO = INCLUDE_SOURCE;
				MTL_FAST_MATH = YES;
				ONLY_ACTIVE_ARCH = YES;
				SDKROOT = iphoneos;
				SWIFT_ACTIVE_COMPILATION_CONDITIONS = DEBUG;
				SWIFT_OPTIMIZATION_LEVEL = "-Onone";
			};
			name = Debug;
		};
		23E7F052231FB17400950B40 /* Release */ = {
			isa = XCBuildConfiguration;
			buildSettings = {
				ALWAYS_SEARCH_USER_PATHS = NO;
				CLANG_ANALYZER_NONNULL = YES;
				CLANG_ANALYZER_NUMBER_OBJECT_CONVERSION = YES_AGGRESSIVE;
				CLANG_CXX_LANGUAGE_STANDARD = "gnu++14";
				CLANG_CXX_LIBRARY = "libc++";
				CLANG_ENABLE_MODULES = YES;
				CLANG_ENABLE_OBJC_ARC = YES;
				CLANG_ENABLE_OBJC_WEAK = YES;
				CLANG_WARN_BLOCK_CAPTURE_AUTORELEASING = YES;
				CLANG_WARN_BOOL_CONVERSION = YES;
				CLANG_WARN_COMMA = YES;
				CLANG_WARN_CONSTANT_CONVERSION = YES;
				CLANG_WARN_DEPRECATED_OBJC_IMPLEMENTATIONS = YES;
				CLANG_WARN_DIRECT_OBJC_ISA_USAGE = YES_ERROR;
				CLANG_WARN_DOCUMENTATION_COMMENTS = YES;
				CLANG_WARN_EMPTY_BODY = YES;
				CLANG_WARN_ENUM_CONVERSION = YES;
				CLANG_WARN_INFINITE_RECURSION = YES;
				CLANG_WARN_INT_CONVERSION = YES;
				CLANG_WARN_NON_LITERAL_NULL_CONVERSION = YES;
				CLANG_WARN_OBJC_IMPLICIT_RETAIN_SELF = YES;
				CLANG_WARN_OBJC_LITERAL_CONVERSION = YES;
				CLANG_WARN_OBJC_ROOT_CLASS = YES_ERROR;
				CLANG_WARN_RANGE_LOOP_ANALYSIS = YES;
				CLANG_WARN_STRICT_PROTOTYPES = YES;
				CLANG_WARN_SUSPICIOUS_MOVE = YES;
				CLANG_WARN_UNGUARDED_AVAILABILITY = YES_AGGRESSIVE;
				CLANG_WARN_UNREACHABLE_CODE = YES;
				CLANG_WARN__DUPLICATE_METHOD_MATCH = YES;
				CODE_SIGN_IDENTITY = "iPhone Developer";
				COPY_PHASE_STRIP = NO;
				DEBUG_INFORMATION_FORMAT = "dwarf-with-dsym";
				ENABLE_NS_ASSERTIONS = NO;
				ENABLE_STRICT_OBJC_MSGSEND = YES;
				GCC_C_LANGUAGE_STANDARD = gnu11;
				GCC_NO_COMMON_BLOCKS = YES;
				GCC_WARN_64_TO_32_BIT_CONVERSION = YES;
				GCC_WARN_ABOUT_RETURN_TYPE = YES_ERROR;
				GCC_WARN_UNDECLARED_SELECTOR = YES;
				GCC_WARN_UNINITIALIZED_AUTOS = YES_AGGRESSIVE;
				GCC_WARN_UNUSED_FUNCTION = YES;
				GCC_WARN_UNUSED_VARIABLE = YES;
				IPHONEOS_DEPLOYMENT_TARGET = 12.4;
				MTL_ENABLE_DEBUG_INFO = NO;
				MTL_FAST_MATH = YES;
				SDKROOT = iphoneos;
				SWIFT_COMPILATION_MODE = wholemodule;
				SWIFT_OPTIMIZATION_LEVEL = "-O";
				VALIDATE_PRODUCT = YES;
			};
			name = Release;
		};
		23E7F054231FB17400950B40 /* Debug */ = {
			isa = XCBuildConfiguration;
			baseConfigurationReference = 70BC16641F1E3C2265E515EE /* Pods-FlexiblePageControlDemo.debug.xcconfig */;
			buildSettings = {
				ASSETCATALOG_COMPILER_APPICON_NAME = AppIcon;
				CODE_SIGN_STYLE = Automatic;
				INFOPLIST_FILE = FlexiblePageControlDemo/Info.plist;
				LD_RUNPATH_SEARCH_PATHS = (
					"$(inherited)",
					"@executable_path/Frameworks",
				);
				PRODUCT_BUNDLE_IDENTIFIER = "-w1.FlexiblePageControlDemo";
				PRODUCT_NAME = "$(TARGET_NAME)";
				SWIFT_VERSION = 5.0;
				TARGETED_DEVICE_FAMILY = "1,2";
			};
			name = Debug;
		};
		23E7F055231FB17400950B40 /* Release */ = {
			isa = XCBuildConfiguration;
			baseConfigurationReference = 1EF06C90D7ABE251D3F7FE5F /* Pods-FlexiblePageControlDemo.release.xcconfig */;
			buildSettings = {
				ASSETCATALOG_COMPILER_APPICON_NAME = AppIcon;
				CODE_SIGN_STYLE = Automatic;
				INFOPLIST_FILE = FlexiblePageControlDemo/Info.plist;
				LD_RUNPATH_SEARCH_PATHS = (
					"$(inherited)",
					"@executable_path/Frameworks",
				);
				PRODUCT_BUNDLE_IDENTIFIER = "-w1.FlexiblePageControlDemo";
				PRODUCT_NAME = "$(TARGET_NAME)";
				SWIFT_VERSION = 5.0;
				TARGETED_DEVICE_FAMILY = "1,2";
			};
			name = Release;
		};
/* End XCBuildConfiguration section */

/* Begin XCConfigurationList section */
		23E7F03C231FB17300950B40 /* Build configuration list for PBXProject "FlexiblePageControlDemo" */ = {
			isa = XCConfigurationList;
			buildConfigurations = (
				23E7F051231FB17400950B40 /* Debug */,
				23E7F052231FB17400950B40 /* Release */,
			);
			defaultConfigurationIsVisible = 0;
			defaultConfigurationName = Release;
		};
		23E7F053231FB17400950B40 /* Build configuration list for PBXNativeTarget "FlexiblePageControlDemo" */ = {
			isa = XCConfigurationList;
			buildConfigurations = (
				23E7F054231FB17400950B40 /* Debug */,
				23E7F055231FB17400950B40 /* Release */,
			);
			defaultConfigurationIsVisible = 0;
			defaultConfigurationName = Release;
		};
/* End XCConfigurationList section */
	};
	rootObject = 23E7F039231FB17300950B40 /* Project object */;
}
